# This file was autogenerated by Stack.
# You should not edit this file by hand.
# For more information, please see the documentation at:
#   https://docs.haskellstack.org/en/stable/lock_files

packages:
- completed:
    hackage: tslogger-0.1.0.1@sha256:55f38ba1fcdfab58853f457936a79929d63861375c48536fd13e5ec7d1e29153,1513
    pantry-tree:
      size: 220
      sha256: cd89cbf82b21f9a37ef7e393648422bca60b85d3c7fae0b94dfaf30e22e4a63f
  original:
    hackage: tslogger-0.1.0.1
- completed:
    hackage: atomic-primops-0.8.0.4@sha256:0fed8db386f075af0bd369531fa19ff18a7915d807165ca83c7d471b84936f5e,5520
    pantry-tree:
      size: 1195
      sha256: be29ae2d6ee29193b6d033cd496507c4a5529d71eea80e1d658e3097e499566f
  original:
    hackage: atomic-primops-0.8.0.4
- completed:
    hackage: chaselev-deque-0.5.0.5@sha256:7c2ae6933897c7323396c97f5d5e8f3463fc5f312a9a829d39fc7918a645e48f,2998
    pantry-tree:
      size: 584
      sha256: 5cacf4feba880645837b7305ed11c8373d8b3e5370e3c8d3056117e349e1bb70
  original:
    hackage: chaselev-deque-0.5.0.5
- completed:
    hackage: bits-atomic-0.1.3@sha256:d9324211398c0cfbb2d0c1b867760e81d9ffe892bea3b0d736a9d4837def4cee,3226
    pantry-tree:
      size: 408
      sha256: 7cfacf72217465ed477f868564accddd08acba7532ab247d73780d573d3b4171
  original:
    hackage: bits-atomic-0.1.3
- completed:
    hackage: thread-local-storage-0.1.0.3@sha256:657421e580df106a772f3726ed31d06f9c097d83e528b694c3fb5595faa12a09,2697
    pantry-tree:
      size: 571
      sha256: cf4ff56c210f3406525f87212f69f7d457e8995c46d93385323dc1ad4b6453e3
  original:
    hackage: thread-local-storage-0.1.0.3
- completed:
    hackage: pcg-random-0.1.3.4@sha256:5ee05f6f503355380f13afec3887b385b4584a2819824c12cd416852f596d8cc,2453
    pantry-tree:
      size: 1209
      sha256: 01f759892b59ccf185ed47517bdeb14a49ee52f901642ea40e6d612ed4c1b956
  original:
    hackage: pcg-random-0.1.3.4
snapshots:
- completed:
    size: 423856
    url: https://raw.githubusercontent.com/commercialhaskell/stackage-snapshots/master/lts/6/13.yaml
    sha256: 70b71149d444a1b57ddcd4fa68b59e1cce433b32c0b859be527176f3e9dbed1a
  original: lts-6.13
